{
  "name": "go-jreader",
  "lockfileVersion": 2,
  "requires": true,
  "packages": {
    "": {
      "devDependencies": {
        "versions": "10.4.1"
      }
    },
    "node_modules/versions": {
      "version": "10.4.1",
      "resolved": "https://registry.npmjs.org/versions/-/versions-10.4.1.tgz",
      "integrity": "sha512-Rm6vGNUJ4+PXy33YO7Lzd6U7waxF1zwips24IVkehHPCbzLiwY30GyXbCPsZVSd7VVopZKAbqvbEVYohY0lKjA==",
      "dev": true,
      "bin": {
        "versions": "bin/versions.js"
      },
      "engines": {
        "node": ">=14"
      }
    }
  },
  "dependencies": {
    "versions": {
      "version": "10.4.1",
      "resolved": "https://registry.npmjs.org/versions/-/versions-10.4.1.tgz",
      "integrity": "sha512-Rm6vGNUJ4+PXy33YO7Lzd6U7waxF1zwips24IVkehHPCbzLiwY30GyXbCPsZVSd7VVopZKAbqvbEVYohY0lKjA==",
      "dev": true
    }
  }
}
